
Microsoft Visual Studio Solution File, Format Version 12.00
# Visual Studio 2012
Project("{FAE04EC0-301F-11D3-BF4B-00C04F79EFBC}") = "WinServiceDebugger", "WinServiceDebugger\WinServiceDebugger.csproj", "{3762E754-CB4E-4E79-9521-6708CC225363}"
EndProject
Global
	GlobalSection(SolutionConfigurationPlatforms) = preSolution
		Debug|Any CPU = Debug|Any CPU
		Release|Any CPU = Release|Any CPU
	EndGlobalSection
	GlobalSection(ProjectConfigurationPlatforms) = postSolution
		{3762E754-CB4E-4E79-9521-6708CC225363}.Debug|Any CPU.ActiveCfg = Debug|Any CPU
		{3762E754-CB4E-4E79-9521-6708CC225363}.Debug|Any CPU.Build.0 = Debug|Any CPU
		{3762E754-CB4E-4E79-9521-6708CC225363}.Release|Any CPU.ActiveCfg = Release|Any CPU
		{3762E754-CB4E-4E79-9521-6708CC225363}.Release|Any CPU.Build.0 = Release|Any CPU
	EndGlobalSection
	GlobalSection(SolutionProperties) = preSolution
		HideSolutionNode = FALSE
	EndGlobalSection
EndGlobal
